
Microsoft Visual Studio Solution File, Format Version 12.00
# Visual Studio Version 16
VisualStudioVersion = 16.0.30907.101
MinimumVisualStudioVersion = 10.0.40219.1
Project("{9A19103F-16F7-4668-BE54-9A1E7A4F7556}") = "EPM.Core", "EPM.Core\EPM.Core.csproj", "{C30864A6-F74E-40AA-A809-BBEEB40A99A0}"
EndProject
Project("{9A19103F-16F7-4668-BE54-9A1E7A4F7556}") = "EPM.Web", "EPM.Web\EPM.Web.csproj", "{68EF76AF-6345-4FC3-B87C-C81746191E67}"
EndProject
Project("{2150E333-8FDC-42A3-9474-1A3956D46DE8}") = "DevExtreme NuGet.config", "DevExtreme NuGet.config", "{505D79CC-61F4-4D8B-8DEB-B2EF1DE4F0B9}"
	ProjectSection(SolutionItems) = preProject
		NuGet.config = NuGet.config
	EndProjectSection
EndProject
Project("{9A19103F-16F7-4668-BE54-9A1E7A4F7556}") = "EPM.Transver", "EPM.Transver\EPM.Transver.csproj", "{4259CC1B-64FB-4AEF-A407-B39E9334FC30}"
EndProject
Project("{2150E333-8FDC-42A3-9474-1A3956D46DE8}") = "EPM.Fason", "EPM.Fason", "{C418ECB6-92F6-4740-83AE-27557907FD04}"
EndProject
Project("{9A19103F-16F7-4668-BE54-9A1E7A4F7556}") = "EPM.Fason.Web", "EPM.Fason.Web\EPM.Fason.Web.csproj", "{85903C9C-6094-4C19-9EC1-03FCC967699E}"
EndProject
Project("{9A19103F-16F7-4668-BE54-9A1E7A4F7556}") = "EPM.Fason.Dto", "EPM.Fason.Dto\EPM.Fason.Dto.csproj", "{DE64172A-B76F-41F4-A2CC-9E641A3B23D3}"
EndProject
Project("{9A19103F-16F7-4668-BE54-9A1E7A4F7556}") = "EPM.Fason.Service", "EPM.Fason.Service\EPM.Fason.Service.csproj", "{9BE242EE-D2BA-4C4D-BF4A-520DE9CCDAD6}"
EndProject
Project("{9A19103F-16F7-4668-BE54-9A1E7A4F7556}") = "EPM.Fason.Repository", "EPM.Fason.Repository\EPM.Fason.Repository.csproj", "{5B3556DC-AE99-45D3-AA97-5278EC21E437}"
EndProject
Project("{9A19103F-16F7-4668-BE54-9A1E7A4F7556}") = "EPM.Tools", "EPM.Tools\EPM.Tools.csproj", "{B2FC5EF5-066A-4E1B-9697-28479B636121}"
EndProject
Project("{2150E333-8FDC-42A3-9474-1A3956D46DE8}") = "EPM.Track", "EPM.Track", "{D842A8C7-35C2-456E-9411-1D6F456A6205}"
EndProject
Project("{9A19103F-16F7-4668-BE54-9A1E7A4F7556}") = "EPM.Track.Dto", "EPM.Track.Dto\EPM.Track.Dto.csproj", "{FEAC1E22-6629-40A3-8D43-33E6B931311A}"
EndProject
Project("{9A19103F-16F7-4668-BE54-9A1E7A4F7556}") = "EPM.Track.Repository", "EPM.Track.Repository\EPM.Track.Repository.csproj", "{21C6DE33-56E7-4959-B9CE-4EB4B38C6432}"
EndProject
Project("{9A19103F-16F7-4668-BE54-9A1E7A4F7556}") = "EPM.Track.Service", "EPM.Track.Service\EPM.Track.Service.csproj", "{ADD9AD56-8AA3-44A0-9B3A-E6CA3487A6EB}"
EndProject
Project("{9A19103F-16F7-4668-BE54-9A1E7A4F7556}") = "EPM.Track.Api", "EPM.Track.Api\EPM.Track.Api.csproj", "{66E88B59-036B-4D7E-A77D-B94DC549F4EF}"
EndProject
Project("{9A19103F-16F7-4668-BE54-9A1E7A4F7556}") = "EPM.Dto", "EPM.Dto\EPM.Dto.csproj", "{AC1A76BE-F17E-4AE6-9A4E-DE364E11F401}"
EndProject
Project("{2150E333-8FDC-42A3-9474-1A3956D46DE8}") = "EPM.Plan", "EPM.Plan", "{E1D4C79B-609C-494D-BA7C-1122A55F9237}"
EndProject
Project("{9A19103F-16F7-4668-BE54-9A1E7A4F7556}") = "EPM.Plan.Dto", "EPM.Plan.Dto\EPM.Plan.Dto.csproj", "{65ECC3C0-F4AB-434D-BB0C-9DFA65403F57}"
EndProject
Project("{9A19103F-16F7-4668-BE54-9A1E7A4F7556}") = "EPM.Plan.Service", "EPM.Plan.Service\EPM.Plan.Service.csproj", "{1087A5A0-58FD-4DB5-8675-2352F1A68440}"
EndProject
Project("{9A19103F-16F7-4668-BE54-9A1E7A4F7556}") = "EPM.Plan.Repository", "EPM.Plan.Repository\EPM.Plan.Repository.csproj", "{A0214058-BF76-46B8-B9AA-B4013D7F5C01}"
EndProject
Project("{9A19103F-16F7-4668-BE54-9A1E7A4F7556}") = "EPM.Plan.Api", "EPM.Plan.Api\EPM.Plan.Api.csproj", "{20024DF1-7F6A-4A7B-BFF6-D390D0C3E762}"
EndProject
Project("{2150E333-8FDC-42A3-9474-1A3956D46DE8}") = "EPM.Admin", "EPM.Admin", "{8ACA0743-722E-4EB8-BDC2-0CC1C8A04D1C}"
EndProject
Project("{9A19103F-16F7-4668-BE54-9A1E7A4F7556}") = "EPM.Admin.Dto", "EPM.Admin.Dto\EPM.Admin.Dto.csproj", "{C8A5A6FB-DF4D-4DBB-8B00-B8E70483F86A}"
EndProject
Project("{9A19103F-16F7-4668-BE54-9A1E7A4F7556}") = "EPM.Admin.Repository", "EPM.Admin.Repository\EPM.Admin.Repository.csproj", "{A822C2E7-8EFA-454D-BA01-25F3591E7C2C}"
EndProject
Project("{9A19103F-16F7-4668-BE54-9A1E7A4F7556}") = "EPM.Admin.Service", "EPM.Admin.Service\EPM.Admin.Service.csproj", "{B1326187-DDDC-48FE-97D7-C9235F02F4D0}"
EndProject
Project("{9A19103F-16F7-4668-BE54-9A1E7A4F7556}") = "EPM.Admin.Api", "EPM.Admin.Api\EPM.Admin.Api.csproj", "{2DC383EC-8A74-42BB-AC25-154937041AC5}"
EndProject
Project("{2150E333-8FDC-42A3-9474-1A3956D46DE8}") = "EPM.Production", "EPM.Production", "{28FEBD02-AB10-4091-9B0D-12981612DD9F}"
EndProject
Project("{9A19103F-16F7-4668-BE54-9A1E7A4F7556}") = "EPM.Production.Repository", "EPM.Production.Repository\EPM.Production.Repository.csproj", "{636793D9-7327-41BF-9FE3-35581B378743}"
EndProject
Project("{9A19103F-16F7-4668-BE54-9A1E7A4F7556}") = "EPM.Production.Dto", "EPM.Production.Dto\EPM.Production.Dto.csproj", "{FA38A6A0-6D67-4F77-B86F-63403A914242}"
EndProject
Project("{9A19103F-16F7-4668-BE54-9A1E7A4F7556}") = "EPM.Production.Service", "EPM.Production.Service\EPM.Production.Service.csproj", "{AA397EE5-4DD1-4FEA-B9BB-2449F1CE868D}"
EndProject
Project("{9A19103F-16F7-4668-BE54-9A1E7A4F7556}") = "EPM.Production.Api", "EPM.Production.Api\EPM.Production.Api.csproj", "{75446DB0-A42B-4188-9279-C504747FD266}"
EndProject
Project("{2150E333-8FDC-42A3-9474-1A3956D46DE8}") = "EPM.WMS", "EPM.WMS", "{E3E1822F-9AEB-4628-8DB7-D14ABE10A133}"
EndProject
Project("{FAE04EC0-301F-11D3-BF4B-00C04F79EFBC}") = "EPM.WMS.Api", "EPM.WMS.Api\EPM.WMS.Api.csproj", "{D5E99B0A-853A-40D5-9AA9-779591D2E691}"
EndProject
Project("{FAE04EC0-301F-11D3-BF4B-00C04F79EFBC}") = "EPM.WMS.Dto", "EPM.WMS.Dto\EPM.WMS.Dto.csproj", "{E12F4995-5A4F-4968-80A3-422D6FFBD5E2}"
EndProject
Project("{FAE04EC0-301F-11D3-BF4B-00C04F79EFBC}") = "EPM.WMS.Repository", "EPM.WMS.Repository\EPM.WMS.Repository.csproj", "{33BBFA3F-5EA8-4560-9EAD-33AA8A044C9B}"
EndProject
Project("{FAE04EC0-301F-11D3-BF4B-00C04F79EFBC}") = "EPM.WMS.Service", "EPM.WMS.Service\EPM.WMS.Service.csproj", "{7AA24831-C90B-49A9-9D53-143D5435D0B1}"
EndProject
Global
	GlobalSection(SolutionConfigurationPlatforms) = preSolution
		Debug|Any CPU = Debug|Any CPU
		Release|Any CPU = Release|Any CPU
	EndGlobalSection
	GlobalSection(ProjectConfigurationPlatforms) = postSolution
		{C30864A6-F74E-40AA-A809-BBEEB40A99A0}.Debug|Any CPU.ActiveCfg = Debug|Any CPU
		{C30864A6-F74E-40AA-A809-BBEEB40A99A0}.Debug|Any CPU.Build.0 = Debug|Any CPU
		{C30864A6-F74E-40AA-A809-BBEEB40A99A0}.Release|Any CPU.ActiveCfg = Release|Any CPU
		{C30864A6-F74E-40AA-A809-BBEEB40A99A0}.Release|Any CPU.Build.0 = Release|Any CPU
		{68EF76AF-6345-4FC3-B87C-C81746191E67}.Debug|Any CPU.ActiveCfg = Debug|Any CPU
		{68EF76AF-6345-4FC3-B87C-C81746191E67}.Debug|Any CPU.Build.0 = Debug|Any CPU
		{68EF76AF-6345-4FC3-B87C-C81746191E67}.Release|Any CPU.ActiveCfg = Release|Any CPU
		{68EF76AF-6345-4FC3-B87C-C81746191E67}.Release|Any CPU.Build.0 = Release|Any CPU
		{4259CC1B-64FB-4AEF-A407-B39E9334FC30}.Debug|Any CPU.ActiveCfg = Debug|Any CPU
		{4259CC1B-64FB-4AEF-A407-B39E9334FC30}.Debug|Any CPU.Build.0 = Debug|Any CPU
		{4259CC1B-64FB-4AEF-A407-B39E9334FC30}.Release|Any CPU.ActiveCfg = Release|Any CPU
		{4259CC1B-64FB-4AEF-A407-B39E9334FC30}.Release|Any CPU.Build.0 = Release|Any CPU
		{85903C9C-6094-4C19-9EC1-03FCC967699E}.Debug|Any CPU.ActiveCfg = Debug|Any CPU
		{85903C9C-6094-4C19-9EC1-03FCC967699E}.Debug|Any CPU.Build.0 = Debug|Any CPU
		{85903C9C-6094-4C19-9EC1-03FCC967699E}.Release|Any CPU.ActiveCfg = Release|Any CPU
		{85903C9C-6094-4C19-9EC1-03FCC967699E}.Release|Any CPU.Build.0 = Release|Any CPU
		{DE64172A-B76F-41F4-A2CC-9E641A3B23D3}.Debug|Any CPU.ActiveCfg = Debug|Any CPU
		{DE64172A-B76F-41F4-A2CC-9E641A3B23D3}.Debug|Any CPU.Build.0 = Debug|Any CPU
		{DE64172A-B76F-41F4-A2CC-9E641A3B23D3}.Release|Any CPU.ActiveCfg = Release|Any CPU
		{DE64172A-B76F-41F4-A2CC-9E641A3B23D3}.Release|Any CPU.Build.0 = Release|Any CPU
		{9BE242EE-D2BA-4C4D-BF4A-520DE9CCDAD6}.Debug|Any CPU.ActiveCfg = Debug|Any CPU
		{9BE242EE-D2BA-4C4D-BF4A-520DE9CCDAD6}.Debug|Any CPU.Build.0 = Debug|Any CPU
		{9BE242EE-D2BA-4C4D-BF4A-520DE9CCDAD6}.Release|Any CPU.ActiveCfg = Release|Any CPU
		{9BE242EE-D2BA-4C4D-BF4A-520DE9CCDAD6}.Release|Any CPU.Build.0 = Release|Any CPU
		{5B3556DC-AE99-45D3-AA97-5278EC21E437}.Debug|Any CPU.ActiveCfg = Debug|Any CPU
		{5B3556DC-AE99-45D3-AA97-5278EC21E437}.Debug|Any CPU.Build.0 = Debug|Any CPU
		{5B3556DC-AE99-45D3-AA97-5278EC21E437}.Release|Any CPU.ActiveCfg = Release|Any CPU
		{5B3556DC-AE99-45D3-AA97-5278EC21E437}.Release|Any CPU.Build.0 = Release|Any CPU
		{B2FC5EF5-066A-4E1B-9697-28479B636121}.Debug|Any CPU.ActiveCfg = Debug|Any CPU
		{B2FC5EF5-066A-4E1B-9697-28479B636121}.Debug|Any CPU.Build.0 = Debug|Any CPU
		{B2FC5EF5-066A-4E1B-9697-28479B636121}.Release|Any CPU.ActiveCfg = Release|Any CPU
		{B2FC5EF5-066A-4E1B-9697-28479B636121}.Release|Any CPU.Build.0 = Release|Any CPU
		{FEAC1E22-6629-40A3-8D43-33E6B931311A}.Debug|Any CPU.ActiveCfg = Debug|Any CPU
		{FEAC1E22-6629-40A3-8D43-33E6B931311A}.Debug|Any CPU.Build.0 = Debug|Any CPU
		{FEAC1E22-6629-40A3-8D43-33E6B931311A}.Release|Any CPU.ActiveCfg = Release|Any CPU
		{FEAC1E22-6629-40A3-8D43-33E6B931311A}.Release|Any CPU.Build.0 = Release|Any CPU
		{21C6DE33-56E7-4959-B9CE-4EB4B38C6432}.Debug|Any CPU.ActiveCfg = Debug|Any CPU
		{21C6DE33-56E7-4959-B9CE-4EB4B38C6432}.Debug|Any CPU.Build.0 = Debug|Any CPU
		{21C6DE33-56E7-4959-B9CE-4EB4B38C6432}.Release|Any CPU.ActiveCfg = Release|Any CPU
		{21C6DE33-56E7-4959-B9CE-4EB4B38C6432}.Release|Any CPU.Build.0 = Release|Any CPU
		{ADD9AD56-8AA3-44A0-9B3A-E6CA3487A6EB}.Debug|Any CPU.ActiveCfg = Debug|Any CPU
		{ADD9AD56-8AA3-44A0-9B3A-E6CA3487A6EB}.Debug|Any CPU.Build.0 = Debug|Any CPU
		{ADD9AD56-8AA3-44A0-9B3A-E6CA3487A6EB}.Release|Any CPU.ActiveCfg = Release|Any CPU
		{ADD9AD56-8AA3-44A0-9B3A-E6CA3487A6EB}.Release|Any CPU.Build.0 = Release|Any CPU
		{66E88B59-036B-4D7E-A77D-B94DC549F4EF}.Debug|Any CPU.ActiveCfg = Debug|Any CPU
		{66E88B59-036B-4D7E-A77D-B94DC549F4EF}.Debug|Any CPU.Build.0 = Debug|Any CPU
		{66E88B59-036B-4D7E-A77D-B94DC549F4EF}.Release|Any CPU.ActiveCfg = Release|Any CPU
		{66E88B59-036B-4D7E-A77D-B94DC549F4EF}.Release|Any CPU.Build.0 = Release|Any CPU
		{AC1A76BE-F17E-4AE6-9A4E-DE364E11F401}.Debug|Any CPU.ActiveCfg = Debug|Any CPU
		{AC1A76BE-F17E-4AE6-9A4E-DE364E11F401}.Debug|Any CPU.Build.0 = Debug|Any CPU
		{AC1A76BE-F17E-4AE6-9A4E-DE364E11F401}.Release|Any CPU.ActiveCfg = Release|Any CPU
		{AC1A76BE-F17E-4AE6-9A4E-DE364E11F401}.Release|Any CPU.Build.0 = Release|Any CPU
		{65ECC3C0-F4AB-434D-BB0C-9DFA65403F57}.Debug|Any CPU.ActiveCfg = Debug|Any CPU
		{65ECC3C0-F4AB-434D-BB0C-9DFA65403F57}.Debug|Any CPU.Build.0 = Debug|Any CPU
		{65ECC3C0-F4AB-434D-BB0C-9DFA65403F57}.Release|Any CPU.ActiveCfg = Release|Any CPU
		{65ECC3C0-F4AB-434D-BB0C-9DFA65403F57}.Release|Any CPU.Build.0 = Release|Any CPU
		{1087A5A0-58FD-4DB5-8675-2352F1A68440}.Debug|Any CPU.ActiveCfg = Debug|Any CPU
		{1087A5A0-58FD-4DB5-8675-2352F1A68440}.Debug|Any CPU.Build.0 = Debug|Any CPU
		{1087A5A0-58FD-4DB5-8675-2352F1A68440}.Release|Any CPU.ActiveCfg = Release|Any CPU
		{1087A5A0-58FD-4DB5-8675-2352F1A68440}.Release|Any CPU.Build.0 = Release|Any CPU
		{A0214058-BF76-46B8-B9AA-B4013D7F5C01}.Debug|Any CPU.ActiveCfg = Debug|Any CPU
		{A0214058-BF76-46B8-B9AA-B4013D7F5C01}.Debug|Any CPU.Build.0 = Debug|Any CPU
		{A0214058-BF76-46B8-B9AA-B4013D7F5C01}.Release|Any CPU.ActiveCfg = Release|Any CPU
		{A0214058-BF76-46B8-B9AA-B4013D7F5C01}.Release|Any CPU.Build.0 = Release|Any CPU
		{20024DF1-7F6A-4A7B-BFF6-D390D0C3E762}.Debug|Any CPU.ActiveCfg = Debug|Any CPU
		{20024DF1-7F6A-4A7B-BFF6-D390D0C3E762}.Debug|Any CPU.Build.0 = Debug|Any CPU
		{20024DF1-7F6A-4A7B-BFF6-D390D0C3E762}.Release|Any CPU.ActiveCfg = Release|Any CPU
		{20024DF1-7F6A-4A7B-BFF6-D390D0C3E762}.Release|Any CPU.Build.0 = Release|Any CPU
		{C8A5A6FB-DF4D-4DBB-8B00-B8E70483F86A}.Debug|Any CPU.ActiveCfg = Debug|Any CPU
		{C8A5A6FB-DF4D-4DBB-8B00-B8E70483F86A}.Debug|Any CPU.Build.0 = Debug|Any CPU
		{C8A5A6FB-DF4D-4DBB-8B00-B8E70483F86A}.Release|Any CPU.ActiveCfg = Release|Any CPU
		{C8A5A6FB-DF4D-4DBB-8B00-B8E70483F86A}.Release|Any CPU.Build.0 = Release|Any CPU
		{A822C2E7-8EFA-454D-BA01-25F3591E7C2C}.Debug|Any CPU.ActiveCfg = Debug|Any CPU
		{A822C2E7-8EFA-454D-BA01-25F3591E7C2C}.Debug|Any CPU.Build.0 = Debug|Any CPU
		{A822C2E7-8EFA-454D-BA01-25F3591E7C2C}.Release|Any CPU.ActiveCfg = Release|Any CPU
		{A822C2E7-8EFA-454D-BA01-25F3591E7C2C}.Release|Any CPU.Build.0 = Release|Any CPU
		{B1326187-DDDC-48FE-97D7-C9235F02F4D0}.Debug|Any CPU.ActiveCfg = Debug|Any CPU
		{B1326187-DDDC-48FE-97D7-C9235F02F4D0}.Debug|Any CPU.Build.0 = Debug|Any CPU
		{B1326187-DDDC-48FE-97D7-C9235F02F4D0}.Release|Any CPU.ActiveCfg = Release|Any CPU
		{B1326187-DDDC-48FE-97D7-C9235F02F4D0}.Release|Any CPU.Build.0 = Release|Any CPU
		{2DC383EC-8A74-42BB-AC25-154937041AC5}.Debug|Any CPU.ActiveCfg = Debug|Any CPU
		{2DC383EC-8A74-42BB-AC25-154937041AC5}.Debug|Any CPU.Build.0 = Debug|Any CPU
		{2DC383EC-8A74-42BB-AC25-154937041AC5}.Release|Any CPU.ActiveCfg = Release|Any CPU
		{2DC383EC-8A74-42BB-AC25-154937041AC5}.Release|Any CPU.Build.0 = Release|Any CPU
		{636793D9-7327-41BF-9FE3-35581B378743}.Debug|Any CPU.ActiveCfg = Debug|Any CPU
		{636793D9-7327-41BF-9FE3-35581B378743}.Debug|Any CPU.Build.0 = Debug|Any CPU
		{636793D9-7327-41BF-9FE3-35581B378743}.Release|Any CPU.ActiveCfg = Release|Any CPU
		{636793D9-7327-41BF-9FE3-35581B378743}.Release|Any CPU.Build.0 = Release|Any CPU
		{FA38A6A0-6D67-4F77-B86F-63403A914242}.Debug|Any CPU.ActiveCfg = Debug|Any CPU
		{FA38A6A0-6D67-4F77-B86F-63403A914242}.Debug|Any CPU.Build.0 = Debug|Any CPU
		{FA38A6A0-6D67-4F77-B86F-63403A914242}.Release|Any CPU.ActiveCfg = Release|Any CPU
		{FA38A6A0-6D67-4F77-B86F-63403A914242}.Release|Any CPU.Build.0 = Release|Any CPU
		{AA397EE5-4DD1-4FEA-B9BB-2449F1CE868D}.Debug|Any CPU.ActiveCfg = Debug|Any CPU
		{AA397EE5-4DD1-4FEA-B9BB-2449F1CE868D}.Debug|Any CPU.Build.0 = Debug|Any CPU
		{AA397EE5-4DD1-4FEA-B9BB-2449F1CE868D}.Release|Any CPU.ActiveCfg = Release|Any CPU
		{AA397EE5-4DD1-4FEA-B9BB-2449F1CE868D}.Release|Any CPU.Build.0 = Release|Any CPU
		{75446DB0-A42B-4188-9279-C504747FD266}.Debug|Any CPU.ActiveCfg = Debug|Any CPU
		{75446DB0-A42B-4188-9279-C504747FD266}.Debug|Any CPU.Build.0 = Debug|Any CPU
		{75446DB0-A42B-4188-9279-C504747FD266}.Release|Any CPU.ActiveCfg = Release|Any CPU
		{75446DB0-A42B-4188-9279-C504747FD266}.Release|Any CPU.Build.0 = Release|Any CPU
		{D5E99B0A-853A-40D5-9AA9-779591D2E691}.Debug|Any CPU.ActiveCfg = Debug|Any CPU
		{D5E99B0A-853A-40D5-9AA9-779591D2E691}.Debug|Any CPU.Build.0 = Debug|Any CPU
		{D5E99B0A-853A-40D5-9AA9-779591D2E691}.Release|Any CPU.ActiveCfg = Release|Any CPU
		{D5E99B0A-853A-40D5-9AA9-779591D2E691}.Release|Any CPU.Build.0 = Release|Any CPU
		{E12F4995-5A4F-4968-80A3-422D6FFBD5E2}.Debug|Any CPU.ActiveCfg = Debug|Any CPU
		{E12F4995-5A4F-4968-80A3-422D6FFBD5E2}.Debug|Any CPU.Build.0 = Debug|Any CPU
		{E12F4995-5A4F-4968-80A3-422D6FFBD5E2}.Release|Any CPU.ActiveCfg = Release|Any CPU
		{E12F4995-5A4F-4968-80A3-422D6FFBD5E2}.Release|Any CPU.Build.0 = Release|Any CPU
		{33BBFA3F-5EA8-4560-9EAD-33AA8A044C9B}.Debug|Any CPU.ActiveCfg = Debug|Any CPU
		{33BBFA3F-5EA8-4560-9EAD-33AA8A044C9B}.Debug|Any CPU.Build.0 = Debug|Any CPU
		{33BBFA3F-5EA8-4560-9EAD-33AA8A044C9B}.Release|Any CPU.ActiveCfg = Release|Any CPU
		{33BBFA3F-5EA8-4560-9EAD-33AA8A044C9B}.Release|Any CPU.Build.0 = Release|Any CPU
		{7AA24831-C90B-49A9-9D53-143D5435D0B1}.Debug|Any CPU.ActiveCfg = Debug|Any CPU
		{7AA24831-C90B-49A9-9D53-143D5435D0B1}.Debug|Any CPU.Build.0 = Debug|Any CPU
		{7AA24831-C90B-49A9-9D53-143D5435D0B1}.Release|Any CPU.ActiveCfg = Release|Any CPU
		{7AA24831-C90B-49A9-9D53-143D5435D0B1}.Release|Any CPU.Build.0 = Release|Any CPU
	EndGlobalSection
	GlobalSection(SolutionProperties) = preSolution
		HideSolutionNode = FALSE
	EndGlobalSection
	GlobalSection(NestedProjects) = preSolution
		{85903C9C-6094-4C19-9EC1-03FCC967699E} = {C418ECB6-92F6-4740-83AE-27557907FD04}
		{DE64172A-B76F-41F4-A2CC-9E641A3B23D3} = {C418ECB6-92F6-4740-83AE-27557907FD04}
		{9BE242EE-D2BA-4C4D-BF4A-520DE9CCDAD6} = {C418ECB6-92F6-4740-83AE-27557907FD04}
		{5B3556DC-AE99-45D3-AA97-5278EC21E437} = {C418ECB6-92F6-4740-83AE-27557907FD04}
		{FEAC1E22-6629-40A3-8D43-33E6B931311A} = {D842A8C7-35C2-456E-9411-1D6F456A6205}
		{21C6DE33-56E7-4959-B9CE-4EB4B38C6432} = {D842A8C7-35C2-456E-9411-1D6F456A6205}
		{ADD9AD56-8AA3-44A0-9B3A-E6CA3487A6EB} = {D842A8C7-35C2-456E-9411-1D6F456A6205}
		{66E88B59-036B-4D7E-A77D-B94DC549F4EF} = {D842A8C7-35C2-456E-9411-1D6F456A6205}
		{65ECC3C0-F4AB-434D-BB0C-9DFA65403F57} = {E1D4C79B-609C-494D-BA7C-1122A55F9237}
		{1087A5A0-58FD-4DB5-8675-2352F1A68440} = {E1D4C79B-609C-494D-BA7C-1122A55F9237}
		{A0214058-BF76-46B8-B9AA-B4013D7F5C01} = {E1D4C79B-609C-494D-BA7C-1122A55F9237}
		{20024DF1-7F6A-4A7B-BFF6-D390D0C3E762} = {E1D4C79B-609C-494D-BA7C-1122A55F9237}
		{C8A5A6FB-DF4D-4DBB-8B00-B8E70483F86A} = {8ACA0743-722E-4EB8-BDC2-0CC1C8A04D1C}
		{A822C2E7-8EFA-454D-BA01-25F3591E7C2C} = {8ACA0743-722E-4EB8-BDC2-0CC1C8A04D1C}
		{B1326187-DDDC-48FE-97D7-C9235F02F4D0} = {8ACA0743-722E-4EB8-BDC2-0CC1C8A04D1C}
		{2DC383EC-8A74-42BB-AC25-154937041AC5} = {8ACA0743-722E-4EB8-BDC2-0CC1C8A04D1C}
		{636793D9-7327-41BF-9FE3-35581B378743} = {28FEBD02-AB10-4091-9B0D-12981612DD9F}
		{FA38A6A0-6D67-4F77-B86F-63403A914242} = {28FEBD02-AB10-4091-9B0D-12981612DD9F}
		{AA397EE5-4DD1-4FEA-B9BB-2449F1CE868D} = {28FEBD02-AB10-4091-9B0D-12981612DD9F}
		{75446DB0-A42B-4188-9279-C504747FD266} = {28FEBD02-AB10-4091-9B0D-12981612DD9F}
		{D5E99B0A-853A-40D5-9AA9-779591D2E691} = {E3E1822F-9AEB-4628-8DB7-D14ABE10A133}
		{E12F4995-5A4F-4968-80A3-422D6FFBD5E2} = {E3E1822F-9AEB-4628-8DB7-D14ABE10A133}
		{33BBFA3F-5EA8-4560-9EAD-33AA8A044C9B} = {E3E1822F-9AEB-4628-8DB7-D14ABE10A133}
		{7AA24831-C90B-49A9-9D53-143D5435D0B1} = {E3E1822F-9AEB-4628-8DB7-D14ABE10A133}
	EndGlobalSection
	GlobalSection(ExtensibilityGlobals) = postSolution
		SolutionGuid = {0D0E94D2-6A0A-40EC-A221-3FA3AA1F8635}
	EndGlobalSection
EndGlobal
